
Microsoft Visual Studio Solution File, Format Version 12.00
# Visual Studio Version 17
VisualStudioVersion = 17.6.33723.286
MinimumVisualStudioVersion = 10.0.40219.1
Project("{8BC9CEB8-8B4A-11D0-8D11-00A0C91BC942}") = "13. 25314", "13. 25314\13. 25314.vcxproj", "{D35B1D72-9361-4406-A227-C018C5372AC3}"
EndProject
Global
	GlobalSection(SolutionConfigurationPlatforms) = preSolution
		Debug|x64 = Debug|x64
		Debug|x86 = Debug|x86
		Release|x64 = Release|x64
		Release|x86 = Release|x86
	EndGlobalSection
	GlobalSection(ProjectConfigurationPlatforms) = postSolution
		{D35B1D72-9361-4406-A227-C018C5372AC3}.Debug|x64.ActiveCfg = Debug|x64
		{D35B1D72-9361-4406-A227-C018C5372AC3}.Debug|x64.Build.0 = Debug|x64
		{D35B1D72-9361-4406-A227-C018C5372AC3}.Debug|x86.ActiveCfg = Debug|Win32
		{D35B1D72-9361-4406-A227-C018C5372AC3}.Debug|x86.Build.0 = Debug|Win32
		{D35B1D72-9361-4406-A227-C018C5372AC3}.Release|x64.ActiveCfg = Release|x64
		{D35B1D72-9361-4406-A227-C018C5372AC3}.Release|x64.Build.0 = Release|x64
		{D35B1D72-9361-4406-A227-C018C5372AC3}.Release|x86.ActiveCfg = Release|Win32
		{D35B1D72-9361-4406-A227-C018C5372AC3}.Release|x86.Build.0 = Release|Win32
	EndGlobalSection
	GlobalSection(SolutionProperties) = preSolution
		HideSolutionNode = FALSE
	EndGlobalSection
	GlobalSection(ExtensibilityGlobals) = postSolution
		SolutionGuid = {D162E930-E5E9-4758-AB71-7481F0333A99}
	EndGlobalSection
EndGlobal
