
Microsoft Visual Studio Solution File, Format Version 12.00
# Visual Studio Version 17
VisualStudioVersion = 17.3.32825.248
MinimumVisualStudioVersion = 10.0.40219.1
Project("{8BC9CEB8-8B4A-11D0-8D11-00A0C91BC942}") = "15552", "15552\15552.vcxproj", "{0AAFE5A5-18F4-4ED4-A3F7-70C151037708}"
EndProject
Global
	GlobalSection(SolutionConfigurationPlatforms) = preSolution
		Debug|x64 = Debug|x64
		Debug|x86 = Debug|x86
		Release|x64 = Release|x64
		Release|x86 = Release|x86
	EndGlobalSection
	GlobalSection(ProjectConfigurationPlatforms) = postSolution
		{0AAFE5A5-18F4-4ED4-A3F7-70C151037708}.Debug|x64.ActiveCfg = Debug|x64
		{0AAFE5A5-18F4-4ED4-A3F7-70C151037708}.Debug|x64.Build.0 = Debug|x64
		{0AAFE5A5-18F4-4ED4-A3F7-70C151037708}.Debug|x86.ActiveCfg = Debug|Win32
		{0AAFE5A5-18F4-4ED4-A3F7-70C151037708}.Debug|x86.Build.0 = Debug|Win32
		{0AAFE5A5-18F4-4ED4-A3F7-70C151037708}.Release|x64.ActiveCfg = Release|x64
		{0AAFE5A5-18F4-4ED4-A3F7-70C151037708}.Release|x64.Build.0 = Release|x64
		{0AAFE5A5-18F4-4ED4-A3F7-70C151037708}.Release|x86.ActiveCfg = Release|Win32
		{0AAFE5A5-18F4-4ED4-A3F7-70C151037708}.Release|x86.Build.0 = Release|Win32
	EndGlobalSection
	GlobalSection(SolutionProperties) = preSolution
		HideSolutionNode = FALSE
	EndGlobalSection
	GlobalSection(ExtensibilityGlobals) = postSolution
		SolutionGuid = {FB7159F2-A304-4AFC-B879-CA7785412DFB}
	EndGlobalSection
EndGlobal
